
Microsoft Visual Studio Solution File, Format Version 12.00
# Visual Studio 15
VisualStudioVersion = 15.0.27130.2010
MinimumVisualStudioVersion = 10.0.40219.1
Project("{FAE04EC0-301F-11D3-BF4B-00C04F79EFBC}") = "1.Calculator", "1.Calculator\1.Calculator.csproj", "{6C023EBF-ACB7-4950-8D54-9E4F4DA8FFE4}"
EndProject
Global
	GlobalSection(SolutionConfigurationPlatforms) = preSolution
		Debug|Any CPU = Debug|Any CPU
		Release|Any CPU = Release|Any CPU
	EndGlobalSection
	GlobalSection(ProjectConfigurationPlatforms) = postSolution
		{6C023EBF-ACB7-4950-8D54-9E4F4DA8FFE4}.Debug|Any CPU.ActiveCfg = Debug|Any CPU
		{6C023EBF-ACB7-4950-8D54-9E4F4DA8FFE4}.Debug|Any CPU.Build.0 = Debug|Any CPU
		{6C023EBF-ACB7-4950-8D54-9E4F4DA8FFE4}.Release|Any CPU.ActiveCfg = Release|Any CPU
		{6C023EBF-ACB7-4950-8D54-9E4F4DA8FFE4}.Release|Any CPU.Build.0 = Release|Any CPU
	EndGlobalSection
	GlobalSection(SolutionProperties) = preSolution
		HideSolutionNode = FALSE
	EndGlobalSection
	GlobalSection(ExtensibilityGlobals) = postSolution
		SolutionGuid = {7D24B7DE-53F3-4315-96FD-FD9ECC5DAE1E}
	EndGlobalSection
EndGlobal
